{
  "name": "vue-webpack",
  "version": "1.0.0",
  "lockfileVersion": 1,
  "requires": true,
  "dependencies": {
    "webpack-dev-server": {
      "version": "3.11.0",
      "resolved": "https://registry.npm.taobao.org/webpack-dev-server/download/webpack-dev-server-3.11.0.tgz?cache=0&sync_timestamp=1606496487381&other_urls=https%3A%2F%2Fregistry.npm.taobao.org%2Fwebpack-dev-server%2Fdownload%2Fwebpack-dev-server-3.11.0.tgz",
      "dev": true,
      "dependencies": {
        "ansi-html": {
          "version": "https://registry.npm.taobao.org/ansi-html/download/ansi-html-0.0.7.tgz",
          "bundled": true
        },
        "bonjour": {
          "version": "https://registry.npm.taobao.org/bonjour/download/bonjour-3.5.0.tgz",
          "bundled": true
        },
        "chokidar": {
          "version": "https://registry.npm.taobao.org/chokidar/download/chokidar-2.1.8.tgz?cache=0&sync_timestamp=1602585306469&other_urls=https%3A%2F%2Fregistry.npm.taobao.org%2Fchokidar%2Fdownload%2Fchokidar-2.1.8.tgz",
          "bundled": true,
          "dependencies": {
            "anymatch": {
              "version": "https://registry.npm.taobao.org/anymatch/download/anymatch-2.0.0.tgz"
            },
            "async-each": {
              "version": "https://registry.npm.taobao.org/async-each/download/async-each-1.0.3.tgz"
            },
            "braces": {
              "version": "https://registry.npm.taobao.org/braces/download/braces-2.3.2.tgz",
              "dependencies": {
                "arr-flatten": {
                  "version": "https://registry.npm.taobao.org/arr-flatten/download/arr-flatten-1.1.0.tgz",
                  "bundled": true
                },
                "array-unique": {
                  "version": "https://registry.npm.taobao.org/array-unique/download/array-unique-0.3.2.tgz",
                  "bundled": true
                },
                "extend-shallow": {
                  "version": "https://registry.npm.taobao.org/extend-shallow/download/extend-shallow-2.0.1.tgz",
                  "bundled": true
                },
                "fill-range": {
                  "version": "https://registry.npm.taobao.org/fill-range/download/fill-range-4.0.0.tgz",
                  "bundled": true
                },
                "isobject": {
                  "version": "https://registry.npm.taobao.org/isobject/download/isobject-3.0.1.tgz",
                  "bundled": true
                },
                "repeat-element": {
                  "version": "https://registry.npm.taobao.org/repeat-element/download/repeat-element-1.1.3.tgz",
                  "bundled": true
                },
                "snapdragon": {
                  "version": "https://registry.npm.taobao.org/snapdragon/download/snapdragon-0.8.2.tgz",
                  "bundled": true
                },
                "snapdragon-node": {
                  "version": "https://registry.npm.taobao.org/snapdragon-node/download/snapdragon-node-2.1.1.tgz",
                  "bundled": true
                },
                "split-string": {
                  "version": "https://registry.npm.taobao.org/split-string/download/split-string-3.1.0.tgz",
                  "bundled": true
                },
                "to-regex": {
                  "version": "https://registry.npm.taobao.org/to-regex/download/to-regex-3.0.2.tgz",
                  "bundled": true,
                  "dependencies": {
                    "define-property": {
                      "version": "https://registry.npm.taobao.org/define-property/download/define-property-2.0.2.tgz",
                      "bundled": true
                    },
                    "extend-shallow": {
                      "version": "https://registry.npm.taobao.org/extend-shallow/download/extend-shallow-3.0.2.tgz",
                      "bundled": true,
                      "dependencies": {
                        "assign-symbols": {
                          "version": "https://registry.npm.taobao.org/assign-symbols/download/assign-symbols-1.0.0.tgz"
                        },
                        "is-extendable": {
                          "version": "https://registry.npm.taobao.org/is-extendable/download/is-extendable-1.0.1.tgz"
                        }
                      }
                    },
                    "regex-not": {
                      "version": "https://registry.npm.taobao.org/regex-not/download/regex-not-1.0.2.tgz",
                      "bundled": true
                    },
                    "safe-regex": {
                      "version": "https://registry.npm.taobao.org/safe-regex/download/safe-regex-1.1.0.tgz",
                      "bundled": true,
                      "dependencies": {
                        "ret": {
                          "version": "https://registry.npm.taobao.org/ret/download/ret-0.1.15.tgz",
                          "bundled": true
                        }
                      }
                    }
                  }
                }
              }
            },
            "fsevents": {
              "version": "https://registry.npm.taobao.org/fsevents/download/fsevents-1.2.13.tgz?cache=0&sync_timestamp=1608033993741&other_urls=https%3A%2F%2Fregistry.npm.taobao.org%2Ffsevents%2Fdownload%2Ffsevents-1.2.13.tgz"
            },
            "glob-parent": {
              "version": "https://registry.npm.taobao.org/glob-parent/download/glob-parent-3.1.0.tgz"
            },
            "inherits": {
              "version": "https://registry.npm.taobao.org/inherits/download/inherits-2.0.4.tgz"
            },
            "is-binary-path": {
              "version": "https://registry.npm.taobao.org/is-binary-path/download/is-binary-path-1.0.1.tgz"
            },
            "is-glob": {
              "version": "https://registry.npm.taobao.org/is-glob/download/is-glob-4.0.1.tgz"
            },
            "normalize-path": {
              "version": "https://registry.npm.taobao.org/normalize-path/download/normalize-path-3.0.0.tgz"
            },
            "path-is-absolute": {
              "version": "https://registry.npm.taobao.org/path-is-absolute/download/path-is-absolute-1.0.1.tgz"
            },
            "readdirp": {
              "version": "https://registry.npm.taobao.org/readdirp/download/readdirp-2.2.1.tgz?cache=0&sync_timestamp=1602584331621&other_urls=https%3A%2F%2Fregistry.npm.taobao.org%2Freaddirp%2Fdownload%2Freaddirp-2.2.1.tgz"
            },
            "upath": {
              "version": "https://registry.npm.taobao.org/upath/download/upath-1.2.0.tgz?cache=0&sync_timestamp=1604768693775&other_urls=https%3A%2F%2Fregistry.npm.taobao.org%2Fupath%2Fdownload%2Fupath-1.2.0.tgz"
            }
          }
        },
        "compression": {
          "version": "https://registry.npm.taobao.org/compression/download/compression-1.7.4.tgz",
          "bundled": true,
          "dependencies": {
            "accepts": {
              "version": "https://registry.npm.taobao.org/accepts/download/accepts-1.3.7.tgz",
              "dependencies": {
                "mime-types": {
                  "version": "https://registry.npm.taobao.org/mime-types/download/mime-types-2.1.27.tgz?cache=0&sync_timestamp=1587700357245&other_urls=https%3A%2F%2Fregistry.npm.taobao.org%2Fmime-types%2Fdownload%2Fmime-types-2.1.27.tgz",
                  "dependencies": {
                    "mime-db": {
                      "version": "https://registry.npm.taobao.org/mime-db/download/mime-db-1.44.0.tgz?cache=0&sync_timestamp=1600831159918&other_urls=https%3A%2F%2Fregistry.npm.taobao.org%2Fmime-db%2Fdownload%2Fmime-db-1.44.0.tgz",
                      "bundled": true
                    }
                  }
                },
                "negotiator": {
                  "version": "https://registry.npm.taobao.org/negotiator/download/negotiator-0.6.2.tgz"
                }
              }
            },
            "bytes": {
              "version": "https://registry.npm.taobao.org/bytes/download/bytes-3.0.0.tgz"
            },
            "compressible": {
              "version": "https://registry.npm.taobao.org/compressible/download/compressible-2.0.18.tgz"
            },
            "debug": {
              "version": "https://registry.npm.taobao.org/debug/download/debug-2.6.9.tgz?cache=0&sync_timestamp=1607566512593&other_urls=https%3A%2F%2Fregistry.npm.taobao.org%2Fdebug%2Fdownload%2Fdebug-2.6.9.tgz"
            },
            "on-headers": {
              "version": "https://registry.npm.taobao.org/on-headers/download/on-headers-1.0.2.tgz"
            },
            "safe-buffer": {
              "version": "https://registry.npm.taobao.org/safe-buffer/download/safe-buffer-5.1.2.tgz"
            },
            "vary": {
              "version": "https://registry.npm.taobao.org/vary/download/vary-1.1.2.tgz"
            }
          }
        },
        "connect-history-api-fallback": {
          "version": "https://registry.npm.taobao.org/connect-history-api-fallback/download/connect-history-api-fallback-1.6.0.tgz",
          "bundled": true
        },
        "debug": {
          "version": "https://registry.npm.taobao.org/debug/download/debug-4.3.1.tgz?cache=0&sync_timestamp=1607566512593&other_urls=https%3A%2F%2Fregistry.npm.taobao.org%2Fdebug%2Fdownload%2Fdebug-4.3.1.tgz",
          "bundled": true
        },
        "del": {
          "version": "https://registry.npm.taobao.org/del/download/del-4.1.1.tgz?cache=0&sync_timestamp=1601076817879&other_urls=https%3A%2F%2Fregistry.npm.taobao.org%2Fdel%2Fdownload%2Fdel-4.1.1.tgz",
          "bundled": true
        },
        "express": {
          "version": "https://registry.npm.taobao.org/express/download/express-4.17.1.tgz?cache=0&other_urls=https%3A%2F%2Fregistry.npm.taobao.org%2Fexpress%2Fdownload%2Fexpress-4.17.1.tgz",
          "bundled": true
        },
        "html-entities": {
          "version": "https://registry.npm.taobao.org/html-entities/download/html-entities-1.4.0.tgz?cache=0&sync_timestamp=1608334198952&other_urls=https%3A%2F%2Fregistry.npm.taobao.org%2Fhtml-entities%2Fdownload%2Fhtml-entities-1.4.0.tgz",
          "bundled": true
        },
        "http-proxy-middleware": {
          "version": "https://registry.npm.taobao.org/http-proxy-middleware/download/http-proxy-middleware-0.19.1.tgz",
          "bundled": true,
          "dependencies": {
            "http-proxy": {
              "version": "https://registry.npm.taobao.org/http-proxy/download/http-proxy-1.18.1.tgz",
              "bundled": true
            },
            "is-glob": {
              "version": "https://registry.npm.taobao.org/is-glob/download/is-glob-4.0.1.tgz",
              "bundled": true,
              "dependencies": {
                "is-extglob": {
                  "version": "https://registry.npm.taobao.org/is-extglob/download/is-extglob-2.1.1.tgz"
                }
              }
            },
            "lodash": {
              "version": "https://registry.npm.taobao.org/lodash/download/lodash-4.17.20.tgz",
              "bundled": true
            },
            "micromatch": {
              "version": "https://registry.npm.taobao.org/micromatch/download/micromatch-3.1.10.tgz",
              "bundled": true,
              "dependencies": {
                "arr-diff": {
                  "version": "https://registry.npm.taobao.org/arr-diff/download/arr-diff-4.0.0.tgz"
                },
                "array-unique": {
                  "version": "https://registry.npm.taobao.org/array-unique/download/array-unique-0.3.2.tgz"
                },
                "braces": {
                  "version": "https://registry.npm.taobao.org/braces/download/braces-2.3.2.tgz"
                },
                "define-property": {
                  "version": "https://registry.npm.taobao.org/define-property/download/define-property-2.0.2.tgz",
                  "dependencies": {
                    "is-descriptor": {
                      "version": "https://registry.npm.taobao.org/is-descriptor/download/is-descriptor-1.0.2.tgz",
                      "dependencies": {
                        "is-accessor-descriptor": {
                          "version": "https://registry.npm.taobao.org/is-accessor-descriptor/download/is-accessor-descriptor-1.0.0.tgz"
                        },
                        "is-data-descriptor": {
                          "version": "https://registry.npm.taobao.org/is-data-descriptor/download/is-data-descriptor-1.0.0.tgz"
                        },
                        "kind-of": {
                          "version": "https://registry.npm.taobao.org/kind-of/download/kind-of-6.0.3.tgz"
                        }
                      }
                    },
                    "isobject": {
                      "version": "https://registry.npm.taobao.org/isobject/download/isobject-3.0.1.tgz"
                    }
                  }
                },
                "extend-shallow": {
                  "version": "https://registry.npm.taobao.org/extend-shallow/download/extend-shallow-3.0.2.tgz",
                  "dependencies": {
                    "assign-symbols": {
                      "version": "https://registry.npm.taobao.org/assign-symbols/download/assign-symbols-1.0.0.tgz"
                    },
                    "is-extendable": {
                      "version": "https://registry.npm.taobao.org/is-extendable/download/is-extendable-1.0.1.tgz"
                    }
                  }
                },
                "extglob": {
                  "version": "https://registry.npm.taobao.org/extglob/download/extglob-2.0.4.tgz"
                },
                "fragment-cache": {
                  "version": "https://registry.npm.taobao.org/fragment-cache/download/fragment-cache-0.2.1.tgz",
                  "dependencies": {
                    "map-cache": {
                      "version": "https://registry.npm.taobao.org/map-cache/download/map-cache-0.2.2.tgz",
                      "bundled": true
                    }
                  }
                },
                "kind-of": {
                  "version": "https://registry.npm.taobao.org/kind-of/download/kind-of-6.0.3.tgz"
                },
                "nanomatch": {
                  "version": "https://registry.npm.taobao.org/nanomatch/download/nanomatch-1.2.13.tgz"
                },
                "object.pick": {
                  "version": "https://registry.npm.taobao.org/object.pick/download/object.pick-1.3.0.tgz",
                  "dependencies": {
                    "isobject": {
                      "version": "https://registry.npm.taobao.org/isobject/download/isobject-3.0.1.tgz",
                      "bundled": true
                    }
                  }
                },
                "regex-not": {
                  "version": "https://registry.npm.taobao.org/regex-not/download/regex-not-1.0.2.tgz",
                  "dependencies": {
                    "extend-shallow": {
                      "version": "https://registry.npm.taobao.org/extend-shallow/download/extend-shallow-3.0.2.tgz",
                      "bundled": true,
                      "dependencies": {
                        "assign-symbols": {
                          "version": "https://registry.npm.taobao.org/assign-symbols/download/assign-symbols-1.0.0.tgz"
                        },
                        "is-extendable": {
                          "version": "https://registry.npm.taobao.org/is-extendable/download/is-extendable-1.0.1.tgz"
                        }
                      }
                    },
                    "safe-regex": {
                      "version": "https://registry.npm.taobao.org/safe-regex/download/safe-regex-1.1.0.tgz",
                      "bundled": true
                    }
                  }
                },
                "snapdragon": {
                  "version": "https://registry.npm.taobao.org/snapdragon/download/snapdragon-0.8.2.tgz",
                  "dependencies": {
                    "base": {
                      "version": "https://registry.npm.taobao.org/base/download/base-0.11.2.tgz",
                      "bundled": true
                    },
                    "debug": {
                      "version": "https://registry.npm.taobao.org/debug/download/debug-2.6.9.tgz?cache=0&sync_timestamp=1607566512593&other_urls=https%3A%2F%2Fregistry.npm.taobao.org%2Fdebug%2Fdownload%2Fdebug-2.6.9.tgz",
                      "bundled": true,
                      "dependencies": {
                        "ms": {
                          "version": "https://registry.npm.taobao.org/ms/download/ms-2.0.0.tgz?cache=0&sync_timestamp=1607433816745&other_urls=https%3A%2F%2Fregistry.npm.taobao.org%2Fms%2Fdownload%2Fms-2.0.0.tgz"
                        }
                      }
                    },
                    "define-property": {
                      "version": "https://registry.npm.taobao.org/define-property/download/define-property-0.2.5.tgz",
                      "bundled": true,
                      "dependencies": {
                        "is-descriptor": {
                          "version": "https://registry.npm.taobao.org/is-descriptor/download/is-descriptor-0.1.6.tgz"
                        }
                      }
                    },
                    "extend-shallow": {
                      "version": "https://registry.npm.taobao.org/extend-shallow/download/extend-shallow-2.0.1.tgz",
                      "bundled": true,
                      "dependencies": {
                        "is-extendable": {
                          "version": "https://registry.npm.taobao.org/is-extendable/download/is-extendable-0.1.1.tgz"
                        }
                      }
                    },
                    "map-cache": {
                      "version": "https://registry.npm.taobao.org/map-cache/download/map-cache-0.2.2.tgz",
                      "bundled": true
                    },
                    "source-map": {
                      "version": "https://registry.npm.taobao.org/source-map/download/source-map-0.5.7.tgz",
                      "bundled": true
                    },
                    "source-map-resolve": {
                      "version": "https://registry.npm.taobao.org/source-map-resolve/download/source-map-resolve-0.5.3.tgz?cache=0&sync_timestamp=1584831908370&other_urls=https%3A%2F%2Fregistry.npm.taobao.org%2Fsource-map-resolve%2Fdownload%2Fsource-map-resolve-0.5.3.tgz",
                      "bundled": true
                    },
                    "use": {
                      "version": "https://registry.npm.taobao.org/use/download/use-3.1.1.tgz",
                      "bundled": true
                    }
                  }
                },
                "to-regex": {
                  "version": "https://registry.npm.taobao.org/to-regex/download/to-regex-3.0.2.tgz",
                  "dependencies": {
                    "define-property": {
                      "version": "https://registry.npm.taobao.org/define-property/download/define-property-2.0.2.tgz",
                      "bundled": true
                    },
                    "extend-shallow": {
                      "version": "https://registry.npm.taobao.org/extend-shallow/download/extend-shallow-3.0.2.tgz",
                      "bundled": true,
                      "dependencies": {}
                    },
                    "regex-not": {
                      "version": "https://registry.npm.taobao.org/regex-not/download/regex-not-1.0.2.tgz",
                      "bundled": true
                    },
                    "safe-regex": {
                      "version": "https://registry.npm.taobao.org/safe-regex/download/safe-regex-1.1.0.tgz",
                      "bundled": true,
                      "dependencies": {}
                    }
                  }
                }
              }
            }
          }
        },
        "import-local": {
          "version": "https://registry.npm.taobao.org/import-local/download/import-local-2.0.0.tgz",
          "bundled": true
        },
        "internal-ip": {
          "version": "https://registry.npm.taobao.org/internal-ip/download/internal-ip-4.3.0.tgz?cache=0&sync_timestamp=1605885503627&other_urls=https%3A%2F%2Fregistry.npm.taobao.org%2Finternal-ip%2Fdownload%2Finternal-ip-4.3.0.tgz",
          "bundled": true,
          "dependencies": {
            "default-gateway": {
              "version": "https://registry.npm.taobao.org/default-gateway/download/default-gateway-4.2.0.tgz?cache=0&sync_timestamp=1598471327539&other_urls=https%3A%2F%2Fregistry.npm.taobao.org%2Fdefault-gateway%2Fdownload%2Fdefault-gateway-4.2.0.tgz",
              "bundled": true,
              "dependencies": {
                "execa": {
                  "version": "https://registry.npm.taobao.org/execa/download/execa-1.0.0.tgz?cache=0&sync_timestamp=1606971027153&other_urls=https%3A%2F%2Fregistry.npm.taobao.org%2Fexeca%2Fdownload%2Fexeca-1.0.0.tgz",
                  "bundled": true
                },
                "ip-regex": {
                  "version": "https://registry.npm.taobao.org/ip-regex/download/ip-regex-2.1.0.tgz?cache=0&sync_timestamp=1601334379393&other_urls=https%3A%2F%2Fregistry.npm.taobao.org%2Fip-regex%2Fdownload%2Fip-regex-2.1.0.tgz",
                  "bundled": true
                }
              }
            },
            "ipaddr.js": {
              "version": "https://registry.npm.taobao.org/ipaddr.js/download/ipaddr.js-1.9.1.tgz",
              "bundled": true
            }
          }
        },
        "ip": {
          "version": "https://registry.npm.taobao.org/ip/download/ip-1.1.5.tgz",
          "bundled": true
        },
        "is-absolute-url": {
          "version": "https://registry.npm.taobao.org/is-absolute-url/download/is-absolute-url-3.0.3.tgz",
          "bundled": true
        },
        "killable": {
          "version": "https://registry.npm.taobao.org/killable/download/killable-1.0.1.tgz",
          "bundled": true
        },
        "loglevel": {
          "version": "https://registry.npm.taobao.org/loglevel/download/loglevel-1.7.1.tgz?cache=0&sync_timestamp=1606314074355&other_urls=https%3A%2F%2Fregistry.npm.taobao.org%2Floglevel%2Fdownload%2Floglevel-1.7.1.tgz",
          "bundled": true
        },
        "opn": {
          "version": "https://registry.npm.taobao.org/opn/download/opn-5.5.0.tgz",
          "bundled": true
        },
        "p-retry": {
          "version": "https://registry.npm.taobao.org/p-retry/download/p-retry-3.0.1.tgz",
          "bundled": true
        },
        "portfinder": {
          "version": "https://registry.npm.taobao.org/portfinder/download/portfinder-1.0.28.tgz?cache=0&sync_timestamp=1596019946887&other_urls=https%3A%2F%2Fregistry.npm.taobao.org%2Fportfinder%2Fdownload%2Fportfinder-1.0.28.tgz",
          "bundled": true,
          "dependencies": {
            "async": {
              "version": "https://registry.npm.taobao.org/async/download/async-2.6.3.tgz",
              "bundled": true
            },
            "debug": {
              "version": "https://registry.npm.taobao.org/debug/download/debug-3.2.7.tgz?cache=0&sync_timestamp=1607566512593&other_urls=https%3A%2F%2Fregistry.npm.taobao.org%2Fdebug%2Fdownload%2Fdebug-3.2.7.tgz",
              "bundled": true
            },
            "mkdirp": {
              "version": "https://registry.npm.taobao.org/mkdirp/download/mkdirp-0.5.5.tgz",
              "bundled": true,
              "dependencies": {
                "minimist": {
                  "version": "https://registry.npm.taobao.org/minimist/download/minimist-1.2.5.tgz",
                  "bundled": true
                }
              }
            }
          }
        },
        "schema-utils": {
          "version": "https://registry.npm.taobao.org/schema-utils/download/schema-utils-1.0.0.tgz",
          "bundled": true
        },
        "selfsigned": {
          "version": "https://registry.npm.taobao.org/selfsigned/download/selfsigned-1.10.8.tgz?cache=0&sync_timestamp=1600186039669&other_urls=https%3A%2F%2Fregistry.npm.taobao.org%2Fselfsigned%2Fdownload%2Fselfsigned-1.10.8.tgz",
          "bundled": true
        },
        "semver": {
          "version": "https://registry.npm.taobao.org/semver/download/semver-6.3.0.tgz?cache=0&sync_timestamp=1606852122426&other_urls=https%3A%2F%2Fregistry.npm.taobao.org%2Fsemver%2Fdownload%2Fsemver-6.3.0.tgz",
          "bundled": true
        },
        "serve-index": {
          "version": "https://registry.npm.taobao.org/serve-index/download/serve-index-1.9.1.tgz",
          "bundled": true
        },
        "sockjs": {
          "version": "https://registry.npm.taobao.org/sockjs/download/sockjs-0.3.20.tgz?cache=0&sync_timestamp=1596167327079&other_urls=https%3A%2F%2Fregistry.npm.taobao.org%2Fsockjs%2Fdownload%2Fsockjs-0.3.20.tgz",
          "bundled": true,
          "dependencies": {
            "faye-websocket": {
              "version": "https://registry.npm.taobao.org/faye-websocket/download/faye-websocket-0.10.0.tgz",
              "bundled": true
            },
            "uuid": {
              "version": "https://registry.npm.taobao.org/uuid/download/uuid-3.4.0.tgz?cache=0&sync_timestamp=1607460081656&other_urls=https%3A%2F%2Fregistry.npm.taobao.org%2Fuuid%2Fdownload%2Fuuid-3.4.0.tgz",
              "bundled": true
            },
            "websocket-driver": {
              "version": "https://registry.npm.taobao.org/websocket-driver/download/websocket-driver-0.6.5.tgz?cache=0&sync_timestamp=1591288882525&other_urls=https%3A%2F%2Fregistry.npm.taobao.org%2Fwebsocket-driver%2Fdownload%2Fwebsocket-driver-0.6.5.tgz",
              "bundled": true
            }
          }
        },
        "sockjs-client": {
          "version": "https://registry.npm.taobao.org/sockjs-client/download/sockjs-client-1.4.0.tgz?cache=0&sync_timestamp=1596410242440&other_urls=https%3A%2F%2Fregistry.npm.taobao.org%2Fsockjs-client%2Fdownload%2Fsockjs-client-1.4.0.tgz",
          "bundled": true,
          "dependencies": {
            "debug": {
              "version": "https://registry.npm.taobao.org/debug/download/debug-3.2.7.tgz?cache=0&sync_timestamp=1607566512593&other_urls=https%3A%2F%2Fregistry.npm.taobao.org%2Fdebug%2Fdownload%2Fdebug-3.2.7.tgz",
              "bundled": true,
              "dependencies": {
                "ms": {
                  "version": "https://registry.npm.taobao.org/ms/download/ms-2.1.3.tgz?cache=0&sync_timestamp=1607433816745&other_urls=https%3A%2F%2Fregistry.npm.taobao.org%2Fms%2Fdownload%2Fms-2.1.3.tgz"
                }
              }
            },
            "eventsource": {
              "version": "https://registry.npm.taobao.org/eventsource/download/eventsource-1.0.7.tgz",
              "bundled": true
            },
            "faye-websocket": {
              "version": "https://registry.npm.taobao.org/faye-websocket/download/faye-websocket-0.11.3.tgz",
              "bundled": true
            },
            "inherits": {
              "version": "https://registry.npm.taobao.org/inherits/download/inherits-2.0.4.tgz",
              "bundled": true
            },
            "json3": {
              "version": "https://registry.npm.taobao.org/json3/download/json3-3.3.3.tgz",
              "bundled": true
            },
            "url-parse": {
              "version": "https://registry.npm.taobao.org/url-parse/download/url-parse-1.4.7.tgz",
              "bundled": true,
              "dependencies": {
                "querystringify": {
                  "version": "https://registry.npm.taobao.org/querystringify/download/querystringify-2.2.0.tgz?cache=0&sync_timestamp=1597686721254&other_urls=https%3A%2F%2Fregistry.npm.taobao.org%2Fquerystringify%2Fdownload%2Fquerystringify-2.2.0.tgz"
                },
                "requires-port": {
                  "version": "https://registry.npm.taobao.org/requires-port/download/requires-port-1.0.0.tgz"
                }
              }
            }
          }
        },
        "spdy": {
          "version": "https://registry.npm.taobao.org/spdy/download/spdy-4.0.2.tgz",
          "bundled": true,
          "dependencies": {
            "debug": {
              "version": "https://registry.npm.taobao.org/debug/download/debug-4.3.1.tgz?cache=0&sync_timestamp=1607566512593&other_urls=https%3A%2F%2Fregistry.npm.taobao.org%2Fdebug%2Fdownload%2Fdebug-4.3.1.tgz",
              "dependencies": {
                "ms": {
                  "version": "https://registry.npm.taobao.org/ms/download/ms-2.1.2.tgz?cache=0&sync_timestamp=1607433816745&other_urls=https%3A%2F%2Fregistry.npm.taobao.org%2Fms%2Fdownload%2Fms-2.1.2.tgz"
                }
              }
            },
            "handle-thing": {
              "version": "https://registry.npm.taobao.org/handle-thing/download/handle-thing-2.0.1.tgz"
            },
            "http-deceiver": {
              "version": "https://registry.npm.taobao.org/http-deceiver/download/http-deceiver-1.2.7.tgz"
            },
            "select-hose": {
              "version": "https://registry.npm.taobao.org/select-hose/download/select-hose-2.0.0.tgz"
            },
            "spdy-transport": {
              "version": "https://registry.npm.taobao.org/spdy-transport/download/spdy-transport-3.0.0.tgz"
            }
          }
        },
        "strip-ansi": {
          "version": "https://registry.npm.taobao.org/strip-ansi/download/strip-ansi-3.0.1.tgz",
          "bundled": true
        },
        "supports-color": {
          "version": "https://registry.npm.taobao.org/supports-color/download/supports-color-6.1.0.tgz",
          "bundled": true
        },
        "url": {
          "version": "https://registry.npm.taobao.org/url/download/url-0.11.0.tgz",
          "bundled": true
        },
        "webpack-dev-middleware": {
          "version": "https://registry.npm.taobao.org/webpack-dev-middleware/download/webpack-dev-middleware-3.7.3.tgz?cache=0&sync_timestamp=1608052700487&other_urls=https%3A%2F%2Fregistry.npm.taobao.org%2Fwebpack-dev-middleware%2Fdownload%2Fwebpack-dev-middleware-3.7.3.tgz",
          "bundled": true,
          "dependencies": {
            "memory-fs": {
              "version": "https://registry.npm.taobao.org/memory-fs/download/memory-fs-0.4.1.tgz",
              "bundled": true,
              "dependencies": {
                "errno": {
                  "version": "https://registry.npm.taobao.org/errno/download/errno-0.1.8.tgz",
                  "bundled": true
                },
                "readable-stream": {
                  "version": "https://registry.npm.taobao.org/readable-stream/download/readable-stream-2.3.7.tgz",
                  "bundled": true,
                  "dependencies": {
                    "core-util-is": {
                      "version": "https://registry.npm.taobao.org/core-util-is/download/core-util-is-1.0.2.tgz"
                    },
                    "inherits": {
                      "version": "https://registry.npm.taobao.org/inherits/download/inherits-2.0.4.tgz"
                    },
                    "isarray": {
                      "version": "https://registry.npm.taobao.org/isarray/download/isarray-1.0.0.tgz"
                    },
                    "process-nextick-args": {
                      "version": "https://registry.npm.taobao.org/process-nextick-args/download/process-nextick-args-2.0.1.tgz"
                    },
                    "safe-buffer": {
                      "version": "https://registry.npm.taobao.org/safe-buffer/download/safe-buffer-5.1.2.tgz"
                    },
                    "string_decoder": {
                      "version": "https://registry.npm.taobao.org/string_decoder/download/string_decoder-1.1.1.tgz"
                    },
                    "util-deprecate": {
                      "version": "https://registry.npm.taobao.org/util-deprecate/download/util-deprecate-1.0.2.tgz"
                    }
                  }
                }
              }
            },
            "mime": {
              "version": "https://registry.npm.taobao.org/mime/download/mime-2.4.7.tgz?cache=0&sync_timestamp=1608084039343&other_urls=https%3A%2F%2Fregistry.npm.taobao.org%2Fmime%2Fdownload%2Fmime-2.4.7.tgz",
              "bundled": true
            },
            "mkdirp": {
              "version": "https://registry.npm.taobao.org/mkdirp/download/mkdirp-0.5.5.tgz",
              "bundled": true
            },
            "range-parser": {
              "version": "https://registry.npm.taobao.org/range-parser/download/range-parser-1.2.1.tgz",
              "bundled": true
            },
            "webpack-log": {
              "version": "https://registry.npm.taobao.org/webpack-log/download/webpack-log-2.0.0.tgz",
              "bundled": true
            }
          }
        },
        "webpack-log": {
          "version": "https://registry.npm.taobao.org/webpack-log/download/webpack-log-2.0.0.tgz",
          "bundled": true,
          "dependencies": {
            "ansi-colors": {
              "version": "https://registry.npm.taobao.org/ansi-colors/download/ansi-colors-3.2.4.tgz"
            },
            "uuid": {
              "version": "https://registry.npm.taobao.org/uuid/download/uuid-3.4.0.tgz?cache=0&sync_timestamp=1607460081656&other_urls=https%3A%2F%2Fregistry.npm.taobao.org%2Fuuid%2Fdownload%2Fuuid-3.4.0.tgz"
            }
          }
        },
        "ws": {
          "version": "https://registry.npm.taobao.org/ws/download/ws-6.2.1.tgz?cache=0&sync_timestamp=1607113032627&other_urls=https%3A%2F%2Fregistry.npm.taobao.org%2Fws%2Fdownload%2Fws-6.2.1.tgz",
          "bundled": true
        },
        "yargs": {
          "version": "https://registry.npm.taobao.org/yargs/download/yargs-13.3.2.tgz?cache=0&sync_timestamp=1607207965285&other_urls=https%3A%2F%2Fregistry.npm.taobao.org%2Fyargs%2Fdownload%2Fyargs-13.3.2.tgz",
          "bundled": true
        }
      }
    }
  }
}
